
Microsoft Visual Studio Solution File, Format Version 12.00
# Visual Studio Version 16
VisualStudioVersion = 16.0.30413.136
MinimumVisualStudioVersion = 10.0.40219.1
Project("{FAE04EC0-301F-11D3-BF4B-00C04F79EFBC}") = "Demo", "Demo\Demo.csproj", "{D7EA0204-CD95-4EEE-978A-7E087701BD8B}"
EndProject
Project("{FAE04EC0-301F-11D3-BF4B-00C04F79EFBC}") = "Web1", "Web1\Web1.csproj", "{50FF9741-E0A6-4A49-A798-452B970B2556}"
EndProject
Project("{FAE04EC0-301F-11D3-BF4B-00C04F79EFBC}") = "WinForm", "WinForm\WinForm.csproj", "{898B4867-DB0D-4618-80B4-650B950304C9}"
EndProject
Project("{FAE04EC0-301F-11D3-BF4B-00C04F79EFBC}") = "ConsoleApp1", "ConsoleApp1\ConsoleApp1.csproj", "{E61D738B-6E6B-4CF0-94DC-DFFE92A09A0D}"
EndProject
Project("{FAE04EC0-301F-11D3-BF4B-00C04F79EFBC}") = "PinZhi", "PinZhi\PinZhi.csproj", "{A39837F3-E0DA-4285-9D0B-89ADE4EDC21D}"
EndProject
Project("{FAE04EC0-301F-11D3-BF4B-00C04F79EFBC}") = "Models", "Models\Models.csproj", "{CB855244-9EAD-4AEE-9189-919565AF1B06}"
EndProject
Project("{FAE04EC0-301F-11D3-BF4B-00C04F79EFBC}") = "Model", "Model\Model.csproj", "{E53C1FD3-1EAF-4C7D-9F51-6339938F7FE5}"
EndProject
Project("{FAE04EC0-301F-11D3-BF4B-00C04F79EFBC}") = "SqlSugar", "SqlSugar\SqlSugar.csproj", "{9406F5F5-783D-4A86-A2A4-D4566DBA9346}"
EndProject
Project("{FAE04EC0-301F-11D3-BF4B-00C04F79EFBC}") = "WebApi", "WebApi\WebApi.csproj", "{D24295FF-FF12-4CD4-BD3C-59D12DD60E89}"
EndProject
Project("{FAE04EC0-301F-11D3-BF4B-00C04F79EFBC}") = "WebApi_DosOrm", "WebApi_DosOrm\WebApi_DosOrm.csproj", "{635A66DC-C285-465D-989B-4A106E59DF63}"
EndProject
Project("{FAE04EC0-301F-11D3-BF4B-00C04F79EFBC}") = "VueWeb", "VueWeb\VueWeb.csproj", "{469F3668-02CE-427D-9A65-F7B424827F5E}"
EndProject
Global
	GlobalSection(SolutionConfigurationPlatforms) = preSolution
		Debug|Any CPU = Debug|Any CPU
		Release|Any CPU = Release|Any CPU
	EndGlobalSection
	GlobalSection(ProjectConfigurationPlatforms) = postSolution
		{D7EA0204-CD95-4EEE-978A-7E087701BD8B}.Debug|Any CPU.ActiveCfg = Debug|Any CPU
		{D7EA0204-CD95-4EEE-978A-7E087701BD8B}.Debug|Any CPU.Build.0 = Debug|Any CPU
		{D7EA0204-CD95-4EEE-978A-7E087701BD8B}.Release|Any CPU.ActiveCfg = Release|Any CPU
		{D7EA0204-CD95-4EEE-978A-7E087701BD8B}.Release|Any CPU.Build.0 = Release|Any CPU
		{50FF9741-E0A6-4A49-A798-452B970B2556}.Debug|Any CPU.ActiveCfg = Debug|Any CPU
		{50FF9741-E0A6-4A49-A798-452B970B2556}.Debug|Any CPU.Build.0 = Debug|Any CPU
		{50FF9741-E0A6-4A49-A798-452B970B2556}.Release|Any CPU.ActiveCfg = Release|Any CPU
		{50FF9741-E0A6-4A49-A798-452B970B2556}.Release|Any CPU.Build.0 = Release|Any CPU
		{898B4867-DB0D-4618-80B4-650B950304C9}.Debug|Any CPU.ActiveCfg = Debug|Any CPU
		{898B4867-DB0D-4618-80B4-650B950304C9}.Debug|Any CPU.Build.0 = Debug|Any CPU
		{898B4867-DB0D-4618-80B4-650B950304C9}.Release|Any CPU.ActiveCfg = Release|Any CPU
		{898B4867-DB0D-4618-80B4-650B950304C9}.Release|Any CPU.Build.0 = Release|Any CPU
		{E61D738B-6E6B-4CF0-94DC-DFFE92A09A0D}.Debug|Any CPU.ActiveCfg = Debug|Any CPU
		{E61D738B-6E6B-4CF0-94DC-DFFE92A09A0D}.Debug|Any CPU.Build.0 = Debug|Any CPU
		{E61D738B-6E6B-4CF0-94DC-DFFE92A09A0D}.Release|Any CPU.ActiveCfg = Release|Any CPU
		{E61D738B-6E6B-4CF0-94DC-DFFE92A09A0D}.Release|Any CPU.Build.0 = Release|Any CPU
		{A39837F3-E0DA-4285-9D0B-89ADE4EDC21D}.Debug|Any CPU.ActiveCfg = Debug|Any CPU
		{A39837F3-E0DA-4285-9D0B-89ADE4EDC21D}.Debug|Any CPU.Build.0 = Debug|Any CPU
		{A39837F3-E0DA-4285-9D0B-89ADE4EDC21D}.Release|Any CPU.ActiveCfg = Release|Any CPU
		{A39837F3-E0DA-4285-9D0B-89ADE4EDC21D}.Release|Any CPU.Build.0 = Release|Any CPU
		{CB855244-9EAD-4AEE-9189-919565AF1B06}.Debug|Any CPU.ActiveCfg = Debug|Any CPU
		{CB855244-9EAD-4AEE-9189-919565AF1B06}.Debug|Any CPU.Build.0 = Debug|Any CPU
		{CB855244-9EAD-4AEE-9189-919565AF1B06}.Release|Any CPU.ActiveCfg = Release|Any CPU
		{CB855244-9EAD-4AEE-9189-919565AF1B06}.Release|Any CPU.Build.0 = Release|Any CPU
		{E53C1FD3-1EAF-4C7D-9F51-6339938F7FE5}.Debug|Any CPU.ActiveCfg = Debug|Any CPU
		{E53C1FD3-1EAF-4C7D-9F51-6339938F7FE5}.Debug|Any CPU.Build.0 = Debug|Any CPU
		{E53C1FD3-1EAF-4C7D-9F51-6339938F7FE5}.Release|Any CPU.ActiveCfg = Release|Any CPU
		{E53C1FD3-1EAF-4C7D-9F51-6339938F7FE5}.Release|Any CPU.Build.0 = Release|Any CPU
		{9406F5F5-783D-4A86-A2A4-D4566DBA9346}.Debug|Any CPU.ActiveCfg = Debug|Any CPU
		{9406F5F5-783D-4A86-A2A4-D4566DBA9346}.Debug|Any CPU.Build.0 = Debug|Any CPU
		{9406F5F5-783D-4A86-A2A4-D4566DBA9346}.Release|Any CPU.ActiveCfg = Release|Any CPU
		{9406F5F5-783D-4A86-A2A4-D4566DBA9346}.Release|Any CPU.Build.0 = Release|Any CPU
		{D24295FF-FF12-4CD4-BD3C-59D12DD60E89}.Debug|Any CPU.ActiveCfg = Debug|Any CPU
		{D24295FF-FF12-4CD4-BD3C-59D12DD60E89}.Debug|Any CPU.Build.0 = Debug|Any CPU
		{D24295FF-FF12-4CD4-BD3C-59D12DD60E89}.Release|Any CPU.ActiveCfg = Release|Any CPU
		{D24295FF-FF12-4CD4-BD3C-59D12DD60E89}.Release|Any CPU.Build.0 = Release|Any CPU
		{635A66DC-C285-465D-989B-4A106E59DF63}.Debug|Any CPU.ActiveCfg = Debug|Any CPU
		{635A66DC-C285-465D-989B-4A106E59DF63}.Debug|Any CPU.Build.0 = Debug|Any CPU
		{635A66DC-C285-465D-989B-4A106E59DF63}.Release|Any CPU.ActiveCfg = Release|Any CPU
		{635A66DC-C285-465D-989B-4A106E59DF63}.Release|Any CPU.Build.0 = Release|Any CPU
		{469F3668-02CE-427D-9A65-F7B424827F5E}.Debug|Any CPU.ActiveCfg = Debug|Any CPU
		{469F3668-02CE-427D-9A65-F7B424827F5E}.Debug|Any CPU.Build.0 = Debug|Any CPU
		{469F3668-02CE-427D-9A65-F7B424827F5E}.Release|Any CPU.ActiveCfg = Release|Any CPU
		{469F3668-02CE-427D-9A65-F7B424827F5E}.Release|Any CPU.Build.0 = Release|Any CPU
	EndGlobalSection
	GlobalSection(SolutionProperties) = preSolution
		HideSolutionNode = FALSE
	EndGlobalSection
	GlobalSection(ExtensibilityGlobals) = postSolution
		SolutionGuid = {D8E2B192-3D05-4A1F-8C7E-8B1F6AAD6B84}
	EndGlobalSection
EndGlobal
